{
  "object": {
    "pins": [
      {
        "package": "CommandLineKit",
        "repositoryURL": "https://github.com/pvieito/CommandLineKit.git",
        "state": {
          "branch": "master",
          "revision": "08b08f628559fa12408408d771caf972d911915b",
          "version": null
        }
      },
      {
        "package": "LoggerKit",
        "repositoryURL": "https://github.com/pvieito/LoggerKit.git",
        "state": {
          "branch": "master",
          "revision": "c0c9ef5dd0b1505a65ce5154401a4bdf1a674edd",
          "version": null
        }
      },
      {
        "package": "PythonKit",
        "repositoryURL": "https://github.com/pvieito/PythonKit.git",
        "state": {
          "branch": "master",
          "revision": "ebcab4f667dfe5734499f25fdb9191e66e95218b",
          "version": null
        }
      },
      {
        "package": "RxSwift",
        "repositoryURL": "https://github.com/ReactiveX/RxSwift.git",
        "state": {
          "branch": null,
          "revision": "a2348cef2a28fca5a1a5fa26b3ce62e6831c0a49",
          "version": "4.4.1"
        }
      }
    ]
  },
  "version": 1
}
