{
  "object": {
    "pins": [
      {
        "package": "CommandLineKit",
        "repositoryURL": "https://github.com/pvieito/CommandLineKit.git",
        "state": {
          "branch": "master",
          "revision": "0987ddc20ac1c6d6ae90daf538d626b977ab1d7a",
          "version": null
        }
      },
      {
        "package": "LoggerKit",
        "repositoryURL": "https://github.com/pvieito/LoggerKit.git",
        "state": {
          "branch": "master",
          "revision": "211004a6607ab7cbd34e3a0176b544147904bbc4",
          "version": null
        }
      },
      {
        "package": "PythonTool",
        "repositoryURL": "https://github.com/pvieito/PythonKit.git",
        "state": {
          "branch": "master",
          "revision": "922f202ac2b03256fb59c18eae857d006a0e9e8d",
          "version": null
        }
      },
      {
        "package": "RxSwift",
        "repositoryURL": "https://github.com/ReactiveX/RxSwift.git",
        "state": {
          "branch": null,
          "revision": "cce95dd704bc08cd3d69c087a05a6fc3118e2722",
          "version": "4.5.0"
        }
      }
    ]
  },
  "version": 1
}
